lockfileVersion: '6.0'

settings:
  autoInstallPeers: true
  excludeLinksFromLockfile: false

dependencies:
  '@floating-ui/dom':
    specifier: ^1.6.3
    version: 1.6.3
  '@neodrag/svelte':
    specifier: ^2.0.4
    version: 2.0.4
  '@phippsytech/svelte-qrious':
    specifier: ^0.0.3
    version: 0.0.3
  class-variance-authority:
    specifier: ^0.7.0
    version: 0.7.0
  clsx:
    specifier: ^2.1.0
    version: 2.1.0
  dotenv:
    specifier: ^16.4.5
    version: 16.4.5
  drizzle-orm:
    specifier: ^0.28.6
    version: 0.28.6(postgres@3.4.4)
  drizzle-zod:
    specifier: ^0.5.1
    version: 0.5.1(drizzle-orm@0.28.6)(zod@3.22.4)
  lucide-svelte:
    specifier: ^0.286.0
    version: 0.286.0(svelte@4.2.14)
  luxon:
    specifier: ^3.4.4
    version: 3.4.4
  nodemailer:
    specifier: ^6.9.13
    version: 6.9.13
  postgres:
    specifier: ^3.4.4
    version: 3.4.4
  svelte-inview:
    specifier: ^4.0.2
    version: 4.0.2(svelte@4.2.14)
  tailwind-merge:
    specifier: ^1.14.0
    version: 1.14.0
  tailwindcss-animate:
    specifier: ^1.0.7
    version: 1.0.7(tailwindcss@3.4.3)

devDependencies:
  '@fontsource/fira-mono':
    specifier: ^5.0.12
    version: 5.0.12
  '@neoconfetti/svelte':
    specifier: ^1.0.0
    version: 1.0.0
  '@playwright/test':
    specifier: ^1.43.1
    version: 1.43.1
  '@skeletonlabs/skeleton':
    specifier: ^2.9.1
    version: 2.9.1(svelte@4.2.14)
  '@skeletonlabs/tw-plugin':
    specifier: ^0.2.4
    version: 0.2.4(tailwindcss@3.4.3)
  '@sveltejs/adapter-vercel':
    specifier: ^3.1.0
    version: 3.1.0(@sveltejs/kit@1.30.4)
  '@sveltejs/kit':
    specifier: ^1.30.4
    version: 1.30.4(svelte@4.2.14)(vite@4.5.3)
  '@tailwindcss/forms':
    specifier: ^0.5.7
    version: 0.5.7(tailwindcss@3.4.3)
  '@tailwindcss/typography':
    specifier: ^0.5.12
    version: 0.5.12(tailwindcss@3.4.3)
  '@trivago/prettier-plugin-sort-imports':
    specifier: ^4.3.0
    version: 4.3.0(prettier@3.2.5)
  '@types/cookie':
    specifier: ^0.5.4
    version: 0.5.4
  '@types/luxon':
    specifier: ^3.4.2
    version: 3.4.2
  '@types/node':
    specifier: ^20.12.7
    version: 20.12.7
  '@types/nodemailer':
    specifier: ^6.4.14
    version: 6.4.14
  '@types/umami':
    specifier: ^0.1.5
    version: 0.1.5
  '@typescript-eslint/eslint-plugin':
    specifier: ^6.21.0
    version: 6.21.0(@typescript-eslint/parser@6.21.0)(eslint@8.57.0)(typescript@5.4.5)
  '@typescript-eslint/parser':
    specifier: ^6.21.0
    version: 6.21.0(eslint@8.57.0)(typescript@5.4.5)
  autoprefixer:
    specifier: ^10.4.19
    version: 10.4.19(postcss@8.4.38)
  drizzle-kit:
    specifier: ^0.19.13
    version: 0.19.13
  eslint:
    specifier: ^8.57.0
    version: 8.57.0
  eslint-config-prettier:
    specifier: ^9.1.0
    version: 9.1.0(eslint@8.57.0)
  eslint-plugin-svelte:
    specifier: ^2.37.0
    version: 2.37.0(eslint@8.57.0)(svelte@4.2.14)(ts-node@10.9.2)
  postcss:
    specifier: ^8.4.38
    version: 8.4.38
  postcss-load-config:
    specifier: ^4.0.2
    version: 4.0.2(postcss@8.4.38)(ts-node@10.9.2)
  prettier:
    specifier: ^3.2.5
    version: 3.2.5
  prettier-plugin-svelte:
    specifier: ^3.2.3
    version: 3.2.3(prettier@3.2.5)(svelte@4.2.14)
  prettier-plugin-tailwindcss:
    specifier: ^0.5.14
    version: 0.5.14(@trivago/prettier-plugin-sort-imports@4.3.0)(prettier-plugin-svelte@3.2.3)(prettier@3.2.5)
  svelte:
    specifier: ^4.2.14
    version: 4.2.14
  svelte-check:
    specifier: ^3.6.9
    version: 3.6.9(postcss-load-config@4.0.2)(postcss@8.4.38)(svelte@4.2.14)
  sveltekit-superforms:
    specifier: ^1.13.4
    version: 1.13.4(@sveltejs/kit@1.30.4)(svelte@4.2.14)(zod@3.22.4)
  tailwindcss:
    specifier: ^3.4.3
    version: 3.4.3(ts-node@10.9.2)
  ts-node:
    specifier: ^10.9.2
    version: 10.9.2(@types/node@20.12.7)(typescript@5.4.5)
  typescript:
    specifier: ^5.4.5
    version: 5.4.5
  vite:
    specifier: ^4.5.3
    version: 4.5.3(@types/node@20.12.7)
  vite-plugin-tailwind-purgecss:
    specifier: ^0.1.4
    version: 0.1.4(vite@4.5.3)
  vitest:
    specifier: ^0.34.6
    version: 0.34.6
  web-vitals:
    specifier: ^3.5.2
    version: 3.5.2
  zod:
    specifier: ^3.22.4
    version: 3.22.4

packages:

  /@aashutoshrathi/word-wrap@1.2.6:
    resolution: {integrity: sha512-1Yjs2SvM8TflER/OD3cOjhWWOZb58A2t7wpE2S9XfBYTiIl+XFhQG2bjy4Pu1I+EAlCNUzRDYDdFwFYUKvXcIA==}
    engines: {node: '>=0.10.0'}
    dev: true

  /@alloc/quick-lru@5.2.0:
    resolution: {integrity: sha512-UrcABB+4bUrFABwbluTIBErXwvbsU/V7TZWfmbgJfbkwiBuziS9gxdODUyuiecfdGQ85jglMW6juS3+z5TsKLw==}
    engines: {node: '>=10'}

  /@ampproject/remapping@2.3.0:
    resolution: {integrity: sha512-30iZtAPgz+LTIYoeivqYo853f02jBYSd5uGnGpkFV0M3xOt9aN73erkgYAmZU43x4VfqcnLxW9Kpg3R5LC4YYw==}
    engines: {node: '>=6.0.0'}
    dependencies:
      '@jridgewell/gen-mapping': 0.3.5
      '@jridgewell/trace-mapping': 0.3.25

  /@babel/code-frame@7.24.2:
    resolution: {integrity: sha512-y5+tLQyV8pg3fsiln67BVLD1P13Eg4lh5RW9mF0zUuvLrv9uIQ4MCL+CRT+FTsBlBjcIan6PGsLcBN0m3ClUyQ==}
    engines: {node: '>=6.9.0'}
    dependencies:
      '@babel/highlight': 7.24.2
      picocolors: 1.0.0
    dev: true

  /@babel/generator@7.17.7:
    resolution: {integrity: sha512-oLcVCTeIFadUoArDTwpluncplrYBmTCCZZgXCbgNGvOBBiSDDK3eWO4b/+eOTli5tKv1lg+a5/NAXg+nTcei1w==}
    engines: {node: '>=6.9.0'}
    dependencies:
      '@babel/types': 7.17.0
      jsesc: 2.5.2
      source-map: 0.5.7
    dev: true

  /@babel/generator@7.24.4:
    resolution: {integrity: sha512-Xd6+v6SnjWVx/nus+y0l1sxMOTOMBkyL4+BIdbALyatQnAe/SRVjANeDPSCYaX+i1iJmuGSKf3Z+E+V/va1Hvw==}
    engines: {node: '>=6.9.0'}
    dependencies:
      '@babel/types': 7.24.0
      '@jridgewell/gen-mapping': 0.3.5
      '@jridgewell/trace-mapping': 0.3.25
      jsesc: 2.5.2
    dev: true

  /@babel/helper-environment-visitor@7.22.20:
    resolution: {integrity: sha512-zfedSIzFhat/gFhWfHtgWvlec0nqB9YEIVrpuwjruLlXfUSnA8cJB0miHKwqDnQ7d32aKo2xt88/xZptwxbfhA==}
    engines: {node: '>=6.9.0'}
    dev: true

  /@babel/helper-function-name@7.23.0:
    resolution: {integrity: sha512-OErEqsrxjZTJciZ4Oo+eoZqeW9UIiOcuYKRJA4ZAgV9myA+pOXhhmpfNCKjEH/auVfEYVFJ6y1Tc4r0eIApqiw==}
    engines: {node: '>=6.9.0'}
    dependencies:
      '@babel/template': 7.24.0
      '@babel/types': 7.24.0
    dev: true

  /@babel/helper-hoist-variables@7.22.5:
    resolution: {integrity: sha512-wGjk9QZVzvknA6yKIUURb8zY3grXCcOZt+/7Wcy8O2uctxhplmUPkOdlgoNhmdVee2c92JXbf1xpMtVNbfoxRw==}
    engines: {node: '>=6.9.0'}
    dependencies:
      '@babel/types': 7.24.0
    dev: true

  /@babel/helper-split-export-declaration@7.22.6:
    resolution: {integrity: sha512-AsUnxuLhRYsisFiaJwvp1QF+I3KjD5FOxut14q/GzovUe6orHLesW2C7d754kRm53h5gqrz6sFl6sxc4BVtE/g==}
    engines: {node: '>=6.9.0'}
    dependencies:
      '@babel/types': 7.24.0
    dev: true

  /@babel/helper-string-parser@7.24.1:
    resolution: {integrity: sha512-2ofRCjnnA9y+wk8b9IAREroeUP02KHp431N2mhKniy2yKIDKpbrHv9eXwm8cBeWQYcJmzv5qKCu65P47eCF7CQ==}
    engines: {node: '>=6.9.0'}
    dev: true

  /@babel/helper-validator-identifier@7.22.20:
    resolution: {integrity: sha512-Y4OZ+ytlatR8AI+8KZfKuL5urKp7qey08ha31L8b3BwewJAoJamTzyvxPR/5D+KkdJCGPq/+8TukHBlY10FX9A==}
    engines: {node: '>=6.9.0'}
    dev: true

  /@babel/highlight@7.24.2:
    resolution: {integrity: sha512-Yac1ao4flkTxTteCDZLEvdxg2fZfz1v8M4QpaGypq/WPDqg3ijHYbDfs+LG5hvzSoqaSZ9/Z9lKSP3CjZjv+pA==}
    engines: {node: '>=6.9.0'}
    dependencies:
      '@babel/helper-validator-identifier': 7.22.20
      chalk: 2.4.2
      js-tokens: 4.0.0
      picocolors: 1.0.0
    dev: true

  /@babel/parser@7.24.4:
    resolution: {integrity: sha512-zTvEBcghmeBma9QIGunWevvBAp4/Qu9Bdq+2k0Ot4fVMD6v3dsC9WOcRSKk7tRRyBM/53yKMJko9xOatGQAwSg==}
    engines: {node: '>=6.0.0'}
    hasBin: true
    dependencies:
      '@babel/types': 7.17.0
    dev: true

  /@babel/template@7.24.0:
    resolution: {integrity: sha512-Bkf2q8lMB0AFpX0NFEqSbx1OkTHf0f+0j82mkw+ZpzBnkk7e9Ql0891vlfgi+kHwOk8tQjiQHpqh4LaSa0fKEA==}
    engines: {node: '>=6.9.0'}
    dependencies:
      '@babel/code-frame': 7.24.2
      '@babel/parser': 7.24.4
      '@babel/types': 7.24.0
    dev: true

  /@babel/traverse@7.23.2:
    resolution: {integrity: s
